
Microsoft Visual Studio Solution File, Format Version 12.00
# Visual Studio Version 17
VisualStudioVersion = 17.5.002.0
MinimumVisualStudioVersion = 10.0.40219.1
Project("{9A19103F-16F7-4668-BE54-9A1E7A4F7556}") = "DesafioFundamentos", "DesafioFundamentos.csproj", "{98BE0B07-1B30-44DF-8D9F-7F929ACBE1E6}"
EndProject
Global
	GlobalSection(SolutionConfigurationPlatforms) = preSolution
		Debug|Any CPU = Debug|Any CPU
		Release|Any CPU = Release|Any CPU
	EndGlobalSection
	GlobalSection(ProjectConfigurationPlatforms) = postSolution
		{98BE0B07-1B30-44DF-8D9F-7F929ACBE1E6}.Debug|Any CPU.ActiveCfg = Debug|Any CPU
		{98BE0B07-1B30-44DF-8D9F-7F929ACBE1E6}.Debug|Any CPU.Build.0 = Debug|Any CPU
		{98BE0B07-1B30-44DF-8D9F-7F929ACBE1E6}.Release|Any CPU.ActiveCfg = Release|Any CPU
		{98BE0B07-1B30-44DF-8D9F-7F929ACBE1E6}.Release|Any CPU.Build.0 = Release|Any CPU
	EndGlobalSection
	GlobalSection(SolutionProperties) = preSolution
		HideSolutionNode = FALSE
	EndGlobalSection
	GlobalSection(ExtensibilityGlobals) = postSolution
		SolutionGuid = {F4AF2CC9-6E5B-4670-8A2F-EFED83267E43}
	EndGlobalSection
EndGlobal
